
Microsoft Visual Studio Solution File, Format Version 12.00
# Visual Studio Version 17
VisualStudioVersion = 17.11.35327.3
MinimumVisualStudioVersion = 10.0.40219.1
Project("{FAE04EC0-301F-11D3-BF4B-00C04F79EFBC}") = "WieBenIk", "WieBenIk.csproj", "{37BD1C2B-7C9A-41C5-A855-98D99095E9DC}"
EndProject
Global
	GlobalSection(SolutionConfigurationPlatforms) = preSolution
		Debug|Any CPU = Debug|Any CPU
		Release|Any CPU = Release|Any CPU
	EndGlobalSection
	GlobalSection(ProjectConfigurationPlatforms) = postSolution
		{37BD1C2B-7C9A-41C5-A855-98D99095E9DC}.Debug|Any CPU.ActiveCfg = Debug|Any CPU
		{37BD1C2B-7C9A-41C5-A855-98D99095E9DC}.Debug|Any CPU.Build.0 = Debug|Any CPU
		{37BD1C2B-7C9A-41C5-A855-98D99095E9DC}.Release|Any CPU.ActiveCfg = Release|Any CPU
		{37BD1C2B-7C9A-41C5-A855-98D99095E9DC}.Release|Any CPU.Build.0 = Release|Any CPU
	EndGlobalSection
	GlobalSection(SolutionProperties) = preSolution
		HideSolutionNode = FALSE
	EndGlobalSection
	GlobalSection(ExtensibilityGlobals) = postSolution
		SolutionGuid = {1E001240-4BB0-4C3A-956E-D9E1210B3F2F}
	EndGlobalSection
EndGlobal
