
Microsoft Visual Studio Solution File, Format Version 12.00
# Visual Studio Version 17
VisualStudioVersion = 17.11.35312.102
MinimumVisualStudioVersion = 10.0.40219.1
Project("{FAE04EC0-301F-11D3-BF4B-00C04F79EFBC}") = "03_madlib", "03_madlib.csproj", "{024CD6FC-AF88-4149-AB6B-A10D4A7CDEC6}"
EndProject
Global
	GlobalSection(SolutionConfigurationPlatforms) = preSolution
		Debug|Any CPU = Debug|Any CPU
		Release|Any CPU = Release|Any CPU
	EndGlobalSection
	GlobalSection(ProjectConfigurationPlatforms) = postSolution
		{024CD6FC-AF88-4149-AB6B-A10D4A7CDEC6}.Debug|Any CPU.ActiveCfg = Debug|Any CPU
		{024CD6FC-AF88-4149-AB6B-A10D4A7CDEC6}.Debug|Any CPU.Build.0 = Debug|Any CPU
		{024CD6FC-AF88-4149-AB6B-A10D4A7CDEC6}.Release|Any CPU.ActiveCfg = Release|Any CPU
		{024CD6FC-AF88-4149-AB6B-A10D4A7CDEC6}.Release|Any CPU.Build.0 = Release|Any CPU
	EndGlobalSection
	GlobalSection(SolutionProperties) = preSolution
		HideSolutionNode = FALSE
	EndGlobalSection
	GlobalSection(ExtensibilityGlobals) = postSolution
		SolutionGuid = {56438488-C812-4D2B-92A5-E407C932EF8F}
	EndGlobalSection
EndGlobal
