
Microsoft Visual Studio Solution File, Format Version 12.00
# Visual Studio Version 17
VisualStudioVersion = 17.11.35312.102
MinimumVisualStudioVersion = 10.0.40219.1
Project("{FAE04EC0-301F-11D3-BF4B-00C04F79EFBC}") = "helloworld", "helloworld.csproj", "{00F316E8-B211-4593-87F3-112345C7A955}"
EndProject
Global
	GlobalSection(SolutionConfigurationPlatforms) = preSolution
		Debug|Any CPU = Debug|Any CPU
		Release|Any CPU = Release|Any CPU
	EndGlobalSection
	GlobalSection(ProjectConfigurationPlatforms) = postSolution
		{00F316E8-B211-4593-87F3-112345C7A955}.Debug|Any CPU.ActiveCfg = Debug|Any CPU
		{00F316E8-B211-4593-87F3-112345C7A955}.Debug|Any CPU.Build.0 = Debug|Any CPU
		{00F316E8-B211-4593-87F3-112345C7A955}.Release|Any CPU.ActiveCfg = Release|Any CPU
		{00F316E8-B211-4593-87F3-112345C7A955}.Release|Any CPU.Build.0 = Release|Any CPU
	EndGlobalSection
	GlobalSection(SolutionProperties) = preSolution
		HideSolutionNode = FALSE
	EndGlobalSection
	GlobalSection(ExtensibilityGlobals) = postSolution
		SolutionGuid = {9982018F-A8D0-4235-9B89-A17E6ED67E03}
	EndGlobalSection
EndGlobal
